
Microsoft Visual Studio Solution File, Format Version 12.00
# Visual Studio 2012
Project("{FAE04EC0-301F-11D3-BF4B-00C04F79EFBC}") = "Fuss.Wpf.Controls", "Fuss.Wpf.Controls\Fuss.Wpf.Controls.csproj", "{B02D58EF-2830-42EE-9B8D-BD1FDF4ABB34}"
EndProject
Project("{FAE04EC0-301F-11D3-BF4B-00C04F79EFBC}") = "Wpf.Controls.Demo", "Wpf.Controls.Demo\Wpf.Controls.Demo.csproj", "{BC89E569-3224-431E-8C84-700274A47293}"
EndProject
Project("{FAE04EC0-301F-11D3-BF4B-00C04F79EFBC}") = "Wpf.Demo.Module1", "Wpf.Demo.Module1\Wpf.Demo.Module1.csproj", "{3B8EC056-DD93-4186-B238-E79A527040F4}"
EndProject
Global
	GlobalSection(SolutionConfigurationPlatforms) = preSolution
		Debug|Any CPU = Debug|Any CPU
		Release|Any CPU = Release|Any CPU
	EndGlobalSection
	GlobalSection(ProjectConfigurationPlatforms) = postSolution
		{B02D58EF-2830-42EE-9B8D-BD1FDF4ABB34}.Debug|Any CPU.ActiveCfg = Debug|Any CPU
		{B02D58EF-2830-42EE-9B8D-BD1FDF4ABB34}.Debug|Any CPU.Build.0 = Debug|Any CPU
		{B02D58EF-2830-42EE-9B8D-BD1FDF4ABB34}.Release|Any CPU.ActiveCfg = Release|Any CPU
		{B02D58EF-2830-42EE-9B8D-BD1FDF4ABB34}.Release|Any CPU.Build.0 = Release|Any CPU
		{BC89E569-3224-431E-8C84-700274A47293}.Debug|Any CPU.ActiveCfg = Debug|Any CPU
		{BC89E569-3224-431E-8C84-700274A47293}.Debug|Any CPU.Build.0 = Debug|Any CPU
		{BC89E569-3224-431E-8C84-700274A47293}.Release|Any CPU.ActiveCfg = Release|Any CPU
		{BC89E569-3224-431E-8C84-700274A47293}.Release|Any CPU.Build.0 = Release|Any CPU
		{3B8EC056-DD93-4186-B238-E79A527040F4}.Debug|Any CPU.ActiveCfg = Debug|Any CPU
		{3B8EC056-DD93-4186-B238-E79A527040F4}.Debug|Any CPU.Build.0 = Debug|Any CPU
		{3B8EC056-DD93-4186-B238-E79A527040F4}.Release|Any CPU.ActiveCfg = Release|Any CPU
		{3B8EC056-DD93-4186-B238-E79A527040F4}.Release|Any CPU.Build.0 = Release|Any CPU
	EndGlobalSection
	GlobalSection(SolutionProperties) = preSolution
		HideSolutionNode = FALSE
	EndGlobalSection
EndGlobal
